
Microsoft Visual Studio Solution File, Format Version 12.00
# Visual Studio Version 16
VisualStudioVersion = 16.0.29519.181
MinimumVisualStudioVersion = 10.0.40219.1
Project("{FAE04EC0-301F-11D3-BF4B-00C04F79EFBC}") = "16-TextEncoder", "16-TextEncoder.csproj", "{A3974A90-ED0E-4FEB-9683-8C05E289D2AF}"
EndProject
Global
	GlobalSection(SolutionConfigurationPlatforms) = preSolution
		Debug|Any CPU = Debug|Any CPU
		Release|Any CPU = Release|Any CPU
	EndGlobalSection
	GlobalSection(ProjectConfigurationPlatforms) = postSolution
		{A3974A90-ED0E-4FEB-9683-8C05E289D2AF}.Debug|Any CPU.ActiveCfg = Debug|Any CPU
		{A3974A90-ED0E-4FEB-9683-8C05E289D2AF}.Debug|Any CPU.Build.0 = Debug|Any CPU
		{A3974A90-ED0E-4FEB-9683-8C05E289D2AF}.Release|Any CPU.ActiveCfg = Release|Any CPU
		{A3974A90-ED0E-4FEB-9683-8C05E289D2AF}.Release|Any CPU.Build.0 = Release|Any CPU
	EndGlobalSection
	GlobalSection(SolutionProperties) = preSolution
		HideSolutionNode = FALSE
	EndGlobalSection
	GlobalSection(ExtensibilityGlobals) = postSolution
		SolutionGuid = {B9B53EC7-DEE0-4127-9402-5A9FB0EB493F}
	EndGlobalSection
EndGlobal
