
Microsoft Visual Studio Solution File, Format Version 12.00
# Visual Studio Version 16
VisualStudioVersion = 16.0.29519.181
MinimumVisualStudioVersion = 10.0.40219.1
Project("{FAE04EC0-301F-11D3-BF4B-00C04F79EFBC}") = "06-Types", "06-Types.csproj", "{1C013F99-211F-492C-BC9B-D38B59887C38}"
EndProject
Global
	GlobalSection(SolutionConfigurationPlatforms) = preSolution
		Debug|Any CPU = Debug|Any CPU
		Release|Any CPU = Release|Any CPU
	EndGlobalSection
	GlobalSection(ProjectConfigurationPlatforms) = postSolution
		{1C013F99-211F-492C-BC9B-D38B59887C38}.Debug|Any CPU.ActiveCfg = Debug|Any CPU
		{1C013F99-211F-492C-BC9B-D38B59887C38}.Debug|Any CPU.Build.0 = Debug|Any CPU
		{1C013F99-211F-492C-BC9B-D38B59887C38}.Release|Any CPU.ActiveCfg = Release|Any CPU
		{1C013F99-211F-492C-BC9B-D38B59887C38}.Release|Any CPU.Build.0 = Release|Any CPU
	EndGlobalSection
	GlobalSection(SolutionProperties) = preSolution
		HideSolutionNode = FALSE
	EndGlobalSection
	GlobalSection(ExtensibilityGlobals) = postSolution
		SolutionGuid = {82B5898C-82AD-43FC-B00A-219C41A7382D}
	EndGlobalSection
EndGlobal
