
Microsoft Visual Studio Solution File, Format Version 12.00
# Visual Studio Version 16
VisualStudioVersion = 16.0.29519.181
MinimumVisualStudioVersion = 10.0.40219.1
Project("{FAE04EC0-301F-11D3-BF4B-00C04F79EFBC}") = "13-TextModifier", "13-TextModifier.csproj", "{D6519DB6-CDBA-49F5-8FF9-01CA59821DE1}"
EndProject
Global
	GlobalSection(SolutionConfigurationPlatforms) = preSolution
		Debug|Any CPU = Debug|Any CPU
		Release|Any CPU = Release|Any CPU
	EndGlobalSection
	GlobalSection(ProjectConfigurationPlatforms) = postSolution
		{D6519DB6-CDBA-49F5-8FF9-01CA59821DE1}.Debug|Any CPU.ActiveCfg = Debug|Any CPU
		{D6519DB6-CDBA-49F5-8FF9-01CA59821DE1}.Debug|Any CPU.Build.0 = Debug|Any CPU
		{D6519DB6-CDBA-49F5-8FF9-01CA59821DE1}.Release|Any CPU.ActiveCfg = Release|Any CPU
		{D6519DB6-CDBA-49F5-8FF9-01CA59821DE1}.Release|Any CPU.Build.0 = Release|Any CPU
	EndGlobalSection
	GlobalSection(SolutionProperties) = preSolution
		HideSolutionNode = FALSE
	EndGlobalSection
	GlobalSection(ExtensibilityGlobals) = postSolution
		SolutionGuid = {79FB641D-4899-4302-9DA0-BC3C983B5191}
	EndGlobalSection
EndGlobal
