
Microsoft Visual Studio Solution File, Format Version 12.00
# Visual Studio Version 16
VisualStudioVersion = 16.0.29519.181
MinimumVisualStudioVersion = 10.0.40219.1
Project("{FAE04EC0-301F-11D3-BF4B-00C04F79EFBC}") = "09-Bmi", "09-Bmi.csproj", "{34581AB2-2BBB-4A43-AFAD-B9AD2F2365C1}"
EndProject
Global
	GlobalSection(SolutionConfigurationPlatforms) = preSolution
		Debug|Any CPU = Debug|Any CPU
		Release|Any CPU = Release|Any CPU
	EndGlobalSection
	GlobalSection(ProjectConfigurationPlatforms) = postSolution
		{34581AB2-2BBB-4A43-AFAD-B9AD2F2365C1}.Debug|Any CPU.ActiveCfg = Debug|Any CPU
		{34581AB2-2BBB-4A43-AFAD-B9AD2F2365C1}.Debug|Any CPU.Build.0 = Debug|Any CPU
		{34581AB2-2BBB-4A43-AFAD-B9AD2F2365C1}.Release|Any CPU.ActiveCfg = Release|Any CPU
		{34581AB2-2BBB-4A43-AFAD-B9AD2F2365C1}.Release|Any CPU.Build.0 = Release|Any CPU
	EndGlobalSection
	GlobalSection(SolutionProperties) = preSolution
		HideSolutionNode = FALSE
	EndGlobalSection
	GlobalSection(ExtensibilityGlobals) = postSolution
		SolutionGuid = {A6459BC3-5D89-453B-A201-5024EED6A6F9}
	EndGlobalSection
EndGlobal
