
Microsoft Visual Studio Solution File, Format Version 12.00
# Visual Studio Version 16
VisualStudioVersion = 16.0.29728.190
MinimumVisualStudioVersion = 10.0.40219.1
Project("{FAE04EC0-301F-11D3-BF4B-00C04F79EFBC}") = "27-Zoo", "27-Zoo.csproj", "{9FAC268E-CB7C-40AD-9843-CF9A74A31EE3}"
EndProject
Global
	GlobalSection(SolutionConfigurationPlatforms) = preSolution
		Debug|Any CPU = Debug|Any CPU
		Release|Any CPU = Release|Any CPU
	EndGlobalSection
	GlobalSection(ProjectConfigurationPlatforms) = postSolution
		{9FAC268E-CB7C-40AD-9843-CF9A74A31EE3}.Debug|Any CPU.ActiveCfg = Debug|Any CPU
		{9FAC268E-CB7C-40AD-9843-CF9A74A31EE3}.Debug|Any CPU.Build.0 = Debug|Any CPU
		{9FAC268E-CB7C-40AD-9843-CF9A74A31EE3}.Release|Any CPU.ActiveCfg = Release|Any CPU
		{9FAC268E-CB7C-40AD-9843-CF9A74A31EE3}.Release|Any CPU.Build.0 = Release|Any CPU
	EndGlobalSection
	GlobalSection(SolutionProperties) = preSolution
		HideSolutionNode = FALSE
	EndGlobalSection
	GlobalSection(ExtensibilityGlobals) = postSolution
		SolutionGuid = {C8D39861-5748-4680-92E3-EC0ECB8C524E}
	EndGlobalSection
EndGlobal
